
Microsoft Visual Studio Solution File, Format Version 12.00
# Visual Studio Version 16
VisualStudioVersion = 16.0.29905.134
MinimumVisualStudioVersion = 10.0.40219.1
Project("{E24C65DC-7377-472B-9ABA-BC803B73C61A}") = "MyWebSite", "MyWebSite\", "{CD420926-2C34-4381-9E58-55CBB3A73FAE}"
	ProjectSection(WebsiteProperties) = preProject
		TargetFrameworkMoniker = ".NETFramework,Version%3Dv4.7.2"
		Debug.AspNetCompiler.VirtualPath = "/localhost_49720"
		Debug.AspNetCompiler.PhysicalPath = "MyWebSite\"
		Debug.AspNetCompiler.TargetPath = "PrecompiledWeb\localhost_49720\"
		Debug.AspNetCompiler.Updateable = "true"
		Debug.AspNetCompiler.ForceOverwrite = "true"
		Debug.AspNetCompiler.FixedNames = "false"
		Debug.AspNetCompiler.Debug = "True"
		Release.AspNetCompiler.VirtualPath = "/localhost_49720"
		Release.AspNetCompiler.PhysicalPath = "MyWebSite\"
		Release.AspNetCompiler.TargetPath = "PrecompiledWeb\localhost_49720\"
		Release.AspNetCompiler.Updateable = "true"
		Release.AspNetCompiler.ForceOverwrite = "true"
		Release.AspNetCompiler.FixedNames = "false"
		Release.AspNetCompiler.Debug = "False"
		VWDPort = "49720"
		SlnRelativePath = "MyWebSite\"
		DefaultWebSiteLanguage = "Visual C#"
	EndProjectSection
EndProject
Global
	GlobalSection(SolutionConfigurationPlatforms) = preSolution
		Debug|Any CPU = Debug|Any CPU
	EndGlobalSection
	GlobalSection(ProjectConfigurationPlatforms) = postSolution
		{CD420926-2C34-4381-9E58-55CBB3A73FAE}.Debug|Any CPU.ActiveCfg = Debug|Any CPU
		{CD420926-2C34-4381-9E58-55CBB3A73FAE}.Debug|Any CPU.Build.0 = Debug|Any CPU
	EndGlobalSection
	GlobalSection(SolutionProperties) = preSolution
		HideSolutionNode = FALSE
	EndGlobalSection
	GlobalSection(ExtensibilityGlobals) = postSolution
		SolutionGuid = {6FFF6C69-B709-4C9C-8357-5C93398FADB7}
	EndGlobalSection
EndGlobal
